
Microsoft Visual Studio Solution File, Format Version 12.00
# Visual Studio Version 17
VisualStudioVersion = 17.2.32526.322
MinimumVisualStudioVersion = 10.0.40219.1
Project("{FAE04EC0-301F-11D3-BF4B-00C04F79EFBC}") = "assignment1", "assignment1.csproj", "{ECFD6F05-31DB-43FC-A3D5-763D7E934037}"
EndProject
Global
	GlobalSection(SolutionConfigurationPlatforms) = preSolution
		Debug|Any CPU = Debug|Any CPU
		Release|Any CPU = Release|Any CPU
	EndGlobalSection
	GlobalSection(ProjectConfigurationPlatforms) = postSolution
		{ECFD6F05-31DB-43FC-A3D5-763D7E934037}.Debug|Any CPU.ActiveCfg = Debug|Any CPU
		{ECFD6F05-31DB-43FC-A3D5-763D7E934037}.Debug|Any CPU.Build.0 = Debug|Any CPU
		{ECFD6F05-31DB-43FC-A3D5-763D7E934037}.Release|Any CPU.ActiveCfg = Release|Any CPU
		{ECFD6F05-31DB-43FC-A3D5-763D7E934037}.Release|Any CPU.Build.0 = Release|Any CPU
	EndGlobalSection
	GlobalSection(SolutionProperties) = preSolution
		HideSolutionNode = FALSE
	EndGlobalSection
	GlobalSection(ExtensibilityGlobals) = postSolution
		SolutionGuid = {3A5A6FD9-30B4-4A18-8606-F465978815BD}
	EndGlobalSection
EndGlobal
