
Microsoft Visual Studio Solution File, Format Version 12.00
# Visual Studio Version 17
VisualStudioVersion = 17.2.32526.322
MinimumVisualStudioVersion = 10.0.40219.1
Project("{FAE04EC0-301F-11D3-BF4B-00C04F79EFBC}") = "cassignments", "cassignments.csproj", "{C2AF766E-1E0B-46CF-A235-AB91F94462E2}"
EndProject
Global
	GlobalSection(SolutionConfigurationPlatforms) = preSolution
		Debug|Any CPU = Debug|Any CPU
		Release|Any CPU = Release|Any CPU
	EndGlobalSection
	GlobalSection(ProjectConfigurationPlatforms) = postSolution
		{C2AF766E-1E0B-46CF-A235-AB91F94462E2}.Debug|Any CPU.ActiveCfg = Debug|Any CPU
		{C2AF766E-1E0B-46CF-A235-AB91F94462E2}.Debug|Any CPU.Build.0 = Debug|Any CPU
		{C2AF766E-1E0B-46CF-A235-AB91F94462E2}.Release|Any CPU.ActiveCfg = Release|Any CPU
		{C2AF766E-1E0B-46CF-A235-AB91F94462E2}.Release|Any CPU.Build.0 = Release|Any CPU
	EndGlobalSection
	GlobalSection(SolutionProperties) = preSolution
		HideSolutionNode = FALSE
	EndGlobalSection
	GlobalSection(ExtensibilityGlobals) = postSolution
		SolutionGuid = {9B2700E9-24B2-47FC-8E70-4A8B7434316C}
	EndGlobalSection
EndGlobal
